
Microsoft Visual Studio Solution File, Format Version 12.00
# Visual Studio Version 17
VisualStudioVersion = 17.7.34221.43
MinimumVisualStudioVersion = 10.0.40219.1
Project("{FAE04EC0-301F-11D3-BF4B-00C04F79EFBC}") = "RunThePeeDee", "RunThePeeDee.csproj", "{FE04FEDF-FAFD-4276-B0BA-E0829E4DC3CC}"
EndProject
Global
	GlobalSection(SolutionConfigurationPlatforms) = preSolution
		Debug|Any CPU = Debug|Any CPU
		Release|Any CPU = Release|Any CPU
	EndGlobalSection
	GlobalSection(ProjectConfigurationPlatforms) = postSolution
		{FE04FEDF-FAFD-4276-B0BA-E0829E4DC3CC}.Debug|Any CPU.ActiveCfg = Debug|Any CPU
		{FE04FEDF-FAFD-4276-B0BA-E0829E4DC3CC}.Debug|Any CPU.Build.0 = Debug|Any CPU
		{FE04FEDF-FAFD-4276-B0BA-E0829E4DC3CC}.Debug|Any CPU.Deploy.0 = Debug|Any CPU
		{FE04FEDF-FAFD-4276-B0BA-E0829E4DC3CC}.Release|Any CPU.ActiveCfg = Release|Any CPU
		{FE04FEDF-FAFD-4276-B0BA-E0829E4DC3CC}.Release|Any CPU.Build.0 = Release|Any CPU
		{FE04FEDF-FAFD-4276-B0BA-E0829E4DC3CC}.Release|Any CPU.Deploy.0 = Release|Any CPU
	EndGlobalSection
	GlobalSection(SolutionProperties) = preSolution
		HideSolutionNode = FALSE
	EndGlobalSection
	GlobalSection(ExtensibilityGlobals) = postSolution
		SolutionGuid = {5F9C413E-6D02-4917-895B-1BA0B237A2FD}
	EndGlobalSection
EndGlobal
